
Microsoft Visual Studio Solution File, Format Version 12.00
# Visual Studio Version 16
VisualStudioVersion = 16.0.29306.81
MinimumVisualStudioVersion = 10.0.40219.1
Project("{FAE04EC0-301F-11D3-BF4B-00C04F79EFBC}") = "UnityFeedback", "UnityFeedback\UnityFeedback.csproj", "{E927616D-B60E-470A-8124-1A2960645AE9}"
EndProject
Project("{9A19103F-16F7-4668-BE54-9A1E7A4F7556}") = "UnityFeedbackTest", "UnityFeedbackTest\UnityFeedbackTest.csproj", "{2B463508-C66D-409E-BD62-FCF939A7842F}"
EndProject
Project("{9A19103F-16F7-4668-BE54-9A1E7A4F7556}") = "Feedback", "Feedback\Feedback.csproj", "{1695CD47-8B30-48EC-B795-4691804B014F}"
EndProject
Global
	GlobalSection(SolutionConfigurationPlatforms) = preSolution
		Debug|Any CPU = Debug|Any CPU
		ILMerge|Any CPU = ILMerge|Any CPU
		Release|Any CPU = Release|Any CPU
	EndGlobalSection
	GlobalSection(ProjectConfigurationPlatforms) = postSolution
		{E927616D-B60E-470A-8124-1A2960645AE9}.Debug|Any CPU.ActiveCfg = Debug|Any CPU
		{E927616D-B60E-470A-8124-1A2960645AE9}.Debug|Any CPU.Build.0 = Debug|Any CPU
		{E927616D-B60E-470A-8124-1A2960645AE9}.ILMerge|Any CPU.ActiveCfg = Release|Any CPU
		{E927616D-B60E-470A-8124-1A2960645AE9}.ILMerge|Any CPU.Build.0 = Release|Any CPU
		{E927616D-B60E-470A-8124-1A2960645AE9}.Release|Any CPU.ActiveCfg = Release|Any CPU
		{E927616D-B60E-470A-8124-1A2960645AE9}.Release|Any CPU.Build.0 = Release|Any CPU
		{2B463508-C66D-409E-BD62-FCF939A7842F}.Debug|Any CPU.ActiveCfg = Debug|Any CPU
		{2B463508-C66D-409E-BD62-FCF939A7842F}.Debug|Any CPU.Build.0 = Debug|Any CPU
		{2B463508-C66D-409E-BD62-FCF939A7842F}.ILMerge|Any CPU.ActiveCfg = Release|Any CPU
		{2B463508-C66D-409E-BD62-FCF939A7842F}.ILMerge|Any CPU.Build.0 = Release|Any CPU
		{2B463508-C66D-409E-BD62-FCF939A7842F}.Release|Any CPU.ActiveCfg = Release|Any CPU
		{2B463508-C66D-409E-BD62-FCF939A7842F}.Release|Any CPU.Build.0 = Release|Any CPU
		{1695CD47-8B30-48EC-B795-4691804B014F}.Debug|Any CPU.ActiveCfg = Debug|Any CPU
		{1695CD47-8B30-48EC-B795-4691804B014F}.Debug|Any CPU.Build.0 = Debug|Any CPU
		{1695CD47-8B30-48EC-B795-4691804B014F}.ILMerge|Any CPU.ActiveCfg = Release|Any CPU
		{1695CD47-8B30-48EC-B795-4691804B014F}.ILMerge|Any CPU.Build.0 = Release|Any CPU
		{1695CD47-8B30-48EC-B795-4691804B014F}.Release|Any CPU.ActiveCfg = Release|Any CPU
		{1695CD47-8B30-48EC-B795-4691804B014F}.Release|Any CPU.Build.0 = Release|Any CPU
	EndGlobalSection
	GlobalSection(SolutionProperties) = preSolution
		HideSolutionNode = FALSE
	EndGlobalSection
	GlobalSection(ExtensibilityGlobals) = postSolution
		SolutionGuid = {0A345665-698E-4FE6-AE54-A8BCC45100B0}
	EndGlobalSection
EndGlobal
